
Microsoft Visual Studio Solution File, Format Version 12.00
# Visual Studio Version 17
VisualStudioVersion = 17.7.34024.191
MinimumVisualStudioVersion = 10.0.40219.1
Project("{FAE04EC0-301F-11D3-BF4B-00C04F79EFBC}") = "WpfApp5", "WpfApp5\WpfApp5.csproj", "{1256E282-41C6-4441-8F3D-A69FD6F81242}"
EndProject
Global
	GlobalSection(SolutionConfigurationPlatforms) = preSolution
		Debug|Any CPU = Debug|Any CPU
		Release|Any CPU = Release|Any CPU
	EndGlobalSection
	GlobalSection(ProjectConfigurationPlatforms) = postSolution
		{1256E282-41C6-4441-8F3D-A69FD6F81242}.Debug|Any CPU.ActiveCfg = Debug|Any CPU
		{1256E282-41C6-4441-8F3D-A69FD6F81242}.Debug|Any CPU.Build.0 = Debug|Any CPU
		{1256E282-41C6-4441-8F3D-A69FD6F81242}.Release|Any CPU.ActiveCfg = Release|Any CPU
		{1256E282-41C6-4441-8F3D-A69FD6F81242}.Release|Any CPU.Build.0 = Release|Any CPU
	EndGlobalSection
	GlobalSection(SolutionProperties) = preSolution
		HideSolutionNode = FALSE
	EndGlobalSection
	GlobalSection(ExtensibilityGlobals) = postSolution
		SolutionGuid = {91577010-C7A5-4E6B-A06E-3728E350C423}
	EndGlobalSection
EndGlobal
